
Microsoft Visual Studio Solution File, Format Version 12.00
# Visual Studio Version 17
VisualStudioVersion = 17.3.32929.385
MinimumVisualStudioVersion = 10.0.40219.1
Project("{FAE04EC0-301F-11D3-BF4B-00C04F79EFBC}") = "VeteransUnited.MortDocsUploader", "VeteransUnited.MortDocsUploader\VeteransUnited.MortDocsUploader.csproj", "{F1CE4FAE-63F3-4C29-B3B0-B4F03A51A3FA}"
EndProject
Global
	GlobalSection(SolutionConfigurationPlatforms) = preSolution
		Debug|Any CPU = Debug|Any CPU
		Release|Any CPU = Release|Any CPU
	EndGlobalSection
	GlobalSection(ProjectConfigurationPlatforms) = postSolution
		{F1CE4FAE-63F3-4C29-B3B0-B4F03A51A3FA}.Debug|Any CPU.ActiveCfg = Debug|Any CPU
		{F1CE4FAE-63F3-4C29-B3B0-B4F03A51A3FA}.Debug|Any CPU.Build.0 = Debug|Any CPU
		{F1CE4FAE-63F3-4C29-B3B0-B4F03A51A3FA}.Release|Any CPU.ActiveCfg = Release|Any CPU
		{F1CE4FAE-63F3-4C29-B3B0-B4F03A51A3FA}.Release|Any CPU.Build.0 = Release|Any CPU
	EndGlobalSection
	GlobalSection(SolutionProperties) = preSolution
		HideSolutionNode = FALSE
	EndGlobalSection
	GlobalSection(ExtensibilityGlobals) = postSolution
		SolutionGuid = {8E53398F-B241-4791-B907-A5E84B4C34C3}
	EndGlobalSection
EndGlobal
